
Microsoft Visual Studio Solution File, Format Version 12.00
# Visual Studio Version 16
VisualStudioVersion = 16.0.30204.135
MinimumVisualStudioVersion = 10.0.40219.1
Project("{FAE04EC0-301F-11D3-BF4B-00C04F79EFBC}") = "Generic", "Generic.csproj", "{AB957298-F642-4C5D-91FE-28DA0435290F}"
EndProject
Global
	GlobalSection(SolutionConfigurationPlatforms) = preSolution
		Debug|Any CPU = Debug|Any CPU
		Release|Any CPU = Release|Any CPU
	EndGlobalSection
	GlobalSection(ProjectConfigurationPlatforms) = postSolution
		{AB957298-F642-4C5D-91FE-28DA0435290F}.Debug|Any CPU.ActiveCfg = Debug|Any CPU
		{AB957298-F642-4C5D-91FE-28DA0435290F}.Debug|Any CPU.Build.0 = Debug|Any CPU
		{AB957298-F642-4C5D-91FE-28DA0435290F}.Release|Any CPU.ActiveCfg = Release|Any CPU
		{AB957298-F642-4C5D-91FE-28DA0435290F}.Release|Any CPU.Build.0 = Release|Any CPU
	EndGlobalSection
	GlobalSection(SolutionProperties) = preSolution
		HideSolutionNode = FALSE
	EndGlobalSection
	GlobalSection(ExtensibilityGlobals) = postSolution
		SolutionGuid = {27BA3036-7E9F-4EDA-AA93-CD8B51FE9091}
	EndGlobalSection
EndGlobal
